
Microsoft Visual Studio Solution File, Format Version 12.00
# Visual Studio Version 17
VisualStudioVersion = 17.3.32901.215
MinimumVisualStudioVersion = 10.0.40219.1
Project("{9A19103F-16F7-4668-BE54-9A1E7A4F7556}") = "homework_1", "homework\homework_1.csproj", "{DEE8C599-4A3E-4AC8-8B44-1D8E003BCA56}"
EndProject
Project("{9A19103F-16F7-4668-BE54-9A1E7A4F7556}") = "homework_2", "homework_2\homework_2.csproj", "{87A791F6-723A-4088-9AD3-A04DA838DCD0}"
EndProject
Project("{FAE04EC0-301F-11D3-BF4B-00C04F79EFBC}") = "homework_3", "homework_3\homework_3.csproj", "{4FC80314-7FAF-497E-9385-83B82C45AB1A}"
EndProject
Global
	GlobalSection(SolutionConfigurationPlatforms) = preSolution
		Debug|Any CPU = Debug|Any CPU
		Release|Any CPU = Release|Any CPU
	EndGlobalSection
	GlobalSection(ProjectConfigurationPlatforms) = postSolution
		{DEE8C599-4A3E-4AC8-8B44-1D8E003BCA56}.Debug|Any CPU.ActiveCfg = Debug|Any CPU
		{DEE8C599-4A3E-4AC8-8B44-1D8E003BCA56}.Debug|Any CPU.Build.0 = Debug|Any CPU
		{DEE8C599-4A3E-4AC8-8B44-1D8E003BCA56}.Release|Any CPU.ActiveCfg = Release|Any CPU
		{DEE8C599-4A3E-4AC8-8B44-1D8E003BCA56}.Release|Any CPU.Build.0 = Release|Any CPU
		{87A791F6-723A-4088-9AD3-A04DA838DCD0}.Debug|Any CPU.ActiveCfg = Debug|Any CPU
		{87A791F6-723A-4088-9AD3-A04DA838DCD0}.Debug|Any CPU.Build.0 = Debug|Any CPU
		{87A791F6-723A-4088-9AD3-A04DA838DCD0}.Release|Any CPU.ActiveCfg = Release|Any CPU
		{87A791F6-723A-4088-9AD3-A04DA838DCD0}.Release|Any CPU.Build.0 = Release|Any CPU
		{4FC80314-7FAF-497E-9385-83B82C45AB1A}.Debug|Any CPU.ActiveCfg = Debug|Any CPU
		{4FC80314-7FAF-497E-9385-83B82C45AB1A}.Debug|Any CPU.Build.0 = Debug|Any CPU
		{4FC80314-7FAF-497E-9385-83B82C45AB1A}.Release|Any CPU.ActiveCfg = Release|Any CPU
		{4FC80314-7FAF-497E-9385-83B82C45AB1A}.Release|Any CPU.Build.0 = Release|Any CPU
	EndGlobalSection
	GlobalSection(SolutionProperties) = preSolution
		HideSolutionNode = FALSE
	EndGlobalSection
	GlobalSection(ExtensibilityGlobals) = postSolution
		SolutionGuid = {1DBC509C-98E7-4D22-B4FF-BDC8D62E1C6A}
	EndGlobalSection
EndGlobal
